
Microsoft Visual Studio Solution File, Format Version 12.00
# Visual Studio 15
VisualStudioVersion = 15.0.28010.2019
MinimumVisualStudioVersion = 10.0.40219.1
Project("{FAE04EC0-301F-11D3-BF4B-00C04F79EFBC}") = "AocSolutionsCSharp", "AocSolutionsCSharp\AocSolutionsCSharp.csproj", "{5F776BD8-FF05-4FEB-A5F1-5CD7F6443017}"
EndProject
Project("{F2A71F9B-5D33-465A-A702-920D77279786}") = "AoCSolutionsFSharp", "AoCSolutionsFSharp\AoCSolutionsFSharp.fsproj", "{6E36F890-43F8-4EA3-BD05-A7BEF5885574}"
EndProject
Global
	GlobalSection(SolutionConfigurationPlatforms) = preSolution
		Debug|Any CPU = Debug|Any CPU
		Release|Any CPU = Release|Any CPU
	EndGlobalSection
	GlobalSection(ProjectConfigurationPlatforms) = postSolution
		{5F776BD8-FF05-4FEB-A5F1-5CD7F6443017}.Debug|Any CPU.ActiveCfg = Debug|Any CPU
		{5F776BD8-FF05-4FEB-A5F1-5CD7F6443017}.Debug|Any CPU.Build.0 = Debug|Any CPU
		{5F776BD8-FF05-4FEB-A5F1-5CD7F6443017}.Release|Any CPU.ActiveCfg = Release|Any CPU
		{5F776BD8-FF05-4FEB-A5F1-5CD7F6443017}.Release|Any CPU.Build.0 = Release|Any CPU
		{6E36F890-43F8-4EA3-BD05-A7BEF5885574}.Debug|Any CPU.ActiveCfg = Debug|Any CPU
		{6E36F890-43F8-4EA3-BD05-A7BEF5885574}.Debug|Any CPU.Build.0 = Debug|Any CPU
		{6E36F890-43F8-4EA3-BD05-A7BEF5885574}.Release|Any CPU.ActiveCfg = Release|Any CPU
		{6E36F890-43F8-4EA3-BD05-A7BEF5885574}.Release|Any CPU.Build.0 = Release|Any CPU
	EndGlobalSection
	GlobalSection(SolutionProperties) = preSolution
		HideSolutionNode = FALSE
	EndGlobalSection
	GlobalSection(ExtensibilityGlobals) = postSolution
		SolutionGuid = {9B97C271-851B-4EEF-9B44-1E632CAD918B}
	EndGlobalSection
EndGlobal
